{
  "originHash" : "3b7f4db765f76d7ddfbd0f10b2bb598a7fcdead1d1812777149248e9744a2dc1",
  "pins" : [
    {
      "identity" : "factory",
      "kind" : "remoteSourceControl",
      "location" : "https://github.com/hmlongco/Factory",
      "state" : {
        "revision" : "d5ed8a16bc13fef498cd0b0c72e58a5a513e3f84",
        "version" : "2.5.1"
      }
    },
    {
      "identity" : "flagkit",
      "kind" : "remoteSourceControl",
      "location" : "https://github.com/madebybowtie/FlagKit",
      "state" : {
        "revision" : "f12111d91902d23fd1d9cc7ad9198030b049795d",
        "version" : "2.4.0"
      }
    }
  ],
  "version" : 3
}
